{
  "requires": true,
  "lockfileVersion": 1,
  "dependencies": {
    "react-otp-input": {
      "version": "2.4.0",
      "resolved": "https://registry.npmjs.org/react-otp-input/-/react-otp-input-2.4.0.tgz",
      "integrity": "sha512-AIgl7u4sS9BTNCxX1xlaS5fPWay/Zml8Ho5LszXZKXrH1C/TiFsTQGmtl13UecQYO3mSF3HUzG2rrDf0sjEFmg=="
    }
  }
}
